
Microsoft Visual Studio Solution File, Format Version 12.00
# Visual Studio 14
VisualStudioVersion = 14.0.23107.0
MinimumVisualStudioVersion = 10.0.40219.1
Project("{FAE04EC0-301F-11D3-BF4B-00C04F79EFBC}") = "marathon-tray", "marathon-tray\marathon-tray.csproj", "{EF9BCCA4-69D9-42E5-A95C-D6DB8E7D6644}"
EndProject
Project("{FAE04EC0-301F-11D3-BF4B-00C04F79EFBC}") = "marathon-sync", "marathon-sync\marathon-sync.csproj", "{D5E0C521-7418-47AC-8B2A-086F6F87D9F7}"
EndProject
Project("{FAE04EC0-301F-11D3-BF4B-00C04F79EFBC}") = "marathon-simple-server", "marathon-simple-server\marathon-simple-server.csproj", "{26A77E68-272A-4BFF-ACAE-4F0C22986E1E}"
EndProject
Project("{FAE04EC0-301F-11D3-BF4B-00C04F79EFBC}") = "marathon-client-workbench", "marathon-client-workbench\marathon-client-workbench.csproj", "{CD3DAAC7-3425-4359-8259-0D25CC20E57B}"
EndProject
Global
	GlobalSection(SolutionConfigurationPlatforms) = preSolution
		Debug|Any CPU = Debug|Any CPU
		Release|Any CPU = Release|Any CPU
	EndGlobalSection
	GlobalSection(ProjectConfigurationPlatforms) = postSolution
		{EF9BCCA4-69D9-42E5-A95C-D6DB8E7D6644}.Debug|Any CPU.ActiveCfg = Debug|Any CPU
		{EF9BCCA4-69D9-42E5-A95C-D6DB8E7D6644}.Debug|Any CPU.Build.0 = Debug|Any CPU
		{EF9BCCA4-69D9-42E5-A95C-D6DB8E7D6644}.Release|Any CPU.ActiveCfg = Release|Any CPU
		{EF9BCCA4-69D9-42E5-A95C-D6DB8E7D6644}.Release|Any CPU.Build.0 = Release|Any CPU
		{D5E0C521-7418-47AC-8B2A-086F6F87D9F7}.Debug|Any CPU.ActiveCfg = Debug|Any CPU
		{D5E0C521-7418-47AC-8B2A-086F6F87D9F7}.Debug|Any CPU.Build.0 = Debug|Any CPU
		{D5E0C521-7418-47AC-8B2A-086F6F87D9F7}.Release|Any CPU.ActiveCfg = Release|Any CPU
		{D5E0C521-7418-47AC-8B2A-086F6F87D9F7}.Release|Any CPU.Build.0 = Release|Any CPU
		{26A77E68-272A-4BFF-ACAE-4F0C22986E1E}.Debug|Any CPU.ActiveCfg = Debug|Any CPU
		{26A77E68-272A-4BFF-ACAE-4F0C22986E1E}.Debug|Any CPU.Build.0 = Debug|Any CPU
		{26A77E68-272A-4BFF-ACAE-4F0C22986E1E}.Release|Any CPU.ActiveCfg = Release|Any CPU
		{26A77E68-272A-4BFF-ACAE-4F0C22986E1E}.Release|Any CPU.Build.0 = Release|Any CPU
		{CD3DAAC7-3425-4359-8259-0D25CC20E57B}.Debug|Any CPU.ActiveCfg = Debug|Any CPU
		{CD3DAAC7-3425-4359-8259-0D25CC20E57B}.Debug|Any CPU.Build.0 = Debug|Any CPU
		{CD3DAAC7-3425-4359-8259-0D25CC20E57B}.Release|Any CPU.ActiveCfg = Release|Any CPU
		{CD3DAAC7-3425-4359-8259-0D25CC20E57B}.Release|Any CPU.Build.0 = Release|Any CPU
	EndGlobalSection
	GlobalSection(SolutionProperties) = preSolution
		HideSolutionNode = FALSE
	EndGlobalSection
EndGlobal
